
Microsoft Visual Studio Solution File, Format Version 12.00
# Visual Studio Version 17
VisualStudioVersion = 17.3.32811.315
MinimumVisualStudioVersion = 10.0.40219.1
Project("{FAE04EC0-301F-11D3-BF4B-00C04F79EFBC}") = "Tre i rad MKV", "Tre i rad MKV.csproj", "{F2A7A37D-A621-4C4E-9853-3247127486D8}"
EndProject
Global
	GlobalSection(SolutionConfigurationPlatforms) = preSolution
		Debug|Any CPU = Debug|Any CPU
		Release|Any CPU = Release|Any CPU
	EndGlobalSection
	GlobalSection(ProjectConfigurationPlatforms) = postSolution
		{F2A7A37D-A621-4C4E-9853-3247127486D8}.Debug|Any CPU.ActiveCfg = Debug|Any CPU
		{F2A7A37D-A621-4C4E-9853-3247127486D8}.Debug|Any CPU.Build.0 = Debug|Any CPU
		{F2A7A37D-A621-4C4E-9853-3247127486D8}.Release|Any CPU.ActiveCfg = Release|Any CPU
		{F2A7A37D-A621-4C4E-9853-3247127486D8}.Release|Any CPU.Build.0 = Release|Any CPU
	EndGlobalSection
	GlobalSection(SolutionProperties) = preSolution
		HideSolutionNode = FALSE
	EndGlobalSection
	GlobalSection(ExtensibilityGlobals) = postSolution
		SolutionGuid = {EA5E5A5C-1440-4705-9395-5AC9C1F4ABF9}
	EndGlobalSection
EndGlobal
